// !$*UTF8*$!
{
	archiveVersion = 1;
	classes = {
	};
	objectVersion = 46;
	objects = {

/* Begin PBXBuildFile section */
		FFC965081F467968002133B4 /* AppDelegate.swift in Sources */ = {isa = PBXBuildFile; fileRef = FFC965071F467968002133B4 /* AppDelegate.swift */; };
		FFC9650A1F467968002133B4 /* ViewController.swift in Sources */ = {isa = PBXBuildFile; fileRef = FFC965091F467968002133B4 /* ViewController.swift */; };
		FFC9650D1F467968002133B4 /* Main.storyboard in Resources */ = {isa = PBXBuildFile; fileRef = FFC9650B1F467968002133B4 /* Main.storyboard */; };
		FFC9650F1F467968002133B4 /* Assets.xcassets in Resources */ = {isa = PBXBuildFile; fileRef = FFC9650E1F467968002133B4 /* Assets.xcassets */; };
		FFC965121F467968002133B4 /* LaunchScreen.storyboard in Resources */ = {isa = PBXBuildFile; fileRef = FFC965101F467968002133B4 /* LaunchScreen.storyboard */; };
/* End PBXBuildFile section */

/* Begin PBXFileReference section */
		FFC965041F467968002133B4 /* Project Layout.app */ = {isa = PBXFileReference; explicitFileType = wrapper.application; includeInIndex = 0; path = "Project Layout.app"; sourceTree = BUILT_PRODUCTS_DIR; };
		FFC965071F467968002133B4 /* AppDelegate.swift */ = {isa = PBXFileReference; lastKnownFileType = sourcecode.swift; path = AppDelegate.swift; sourceTree = "<group>"; };
		FFC965091F467968002133B4 /* ViewController.swift */ = {isa = PBXFileReference; lastKnownFileType = sourcecode.swift; path = ViewController.swift; sourceTree = "<group>"; };
		FFC9650C1F467968002133B4 /* Base */ = {isa = PBXFileReference; lastKnownFileType = file.storyboard; name = Base; path = Base.lproj/Main.storyboard; sourceTree = "<group>"; };
		FFC9650E1F467968002133B4 /* Assets.xcassets */ = {isa = PBXFileReference; lastKnownFileType = folder.assetcatalog; path = Assets.xcassets; sourceTree = "<group>"; };
		FFC965111F467968002133B4 /* Base */ = {isa = PBXFileReference; lastKnownFileType = file.storyboard; name = Base; path = Base.lproj/LaunchScreen.storyboard; sourceTree = "<group>"; };
		FFC965131F467968002133B4 /* Info.plist */ = {isa = PBXFileReference; lastKnownFileType = text.plist.xml; path = Info.plist; sourceTree = "<group>"; };
/* End PBXFileReference section */

/* Begin PBXFrameworksBuildPhase section */
		FFC965011F467968002133B4 /* Frameworks */ = {
			isa = PBXFrameworksBuildPhase;
			buildActionMask = 2147483647;
			files = (
			);
			runOnlyForDeploymentPostprocessing = 0;
		};
/* End PBXFrameworksBuildPhase section */

/* Begin PBXGroup section */
		FFC964FB1F467968002133B4 = {
			isa = PBXGroup;
			children = (
				FFC965061F467968002133B4 /* Project Layout */,
				FFC965051F467968002133B4 /* Products */,
			);
			sourceTree = "<group>";
		};
		FFC965051F467968002133B4 /* Products */ = {
			isa = PBXGroup;
			children = (
				FFC965041F467968002133B4 /* Project Layout.app */,
			);
			name = Products;
			sourceTree = "<group>";
		};
		FFC965061F467968002133B4 /* Project Layout */ = {
			isa = PBXGroup;
			children = (
				FFC965071F467968002133B4 /* AppDelegate.swift */,
				FFC965091F467968002133B4 /* ViewController.swift */,
				FFC9650B1F467968002133B4 /* Main.storyboard */,
				FFC9650E1F467968002133B4 /* Assets.xcassets */,
				FFC965101F467968002133B4 /* LaunchScreen.storyboard */,
				FFC965131F467968002133B4 /* Info.plist */,
			);
			path = "Project Layout";
			sourceTree = "<group>";
		};
/* End PBXGroup section */

/* Begin PBXNativeTarget section */
		FFC965031F467968002133B4 /* Project Layout */ = {
			isa = PBXNativeTarget;
			buildConfigurationList = FFC965161F467968002133B4 /* Build configuration list for PBXNativeTarget "Project Layout" */;
			buildPhases = (
				FFC965001F467968002133B4 /* Sources */,
				FFC965011F467968002133B4 /* Frameworks */,
				FFC965021F467968002133B4 /* Resources */,
			);
			buildRules = (
			);
			dependencies = (
			);
			name = "Project Layout";
			productName = "Project Layout";
			productReference = FFC965041F467968002133B4 /* Project Layout.app */;
			productType = "com.apple.product-type.application";
		};
/* End PBXNativeTarget section */

/* Begin PBXProject section */
		FFC964FC1F467968002133B4 /* Project object */ = {
			isa = PBXProject;
			attributes = {
				LastSwiftUpdateCheck = 0810;
				LastUpgradeCheck = 0810;
				ORGANIZATIONNAME = "Fahid Javid";
				TargetAttributes = {
					FFC965031F467968002133B4 = {
						CreatedOnToolsVersion = 8.1;
						DevelopmentTeam = QREC25AEKA;
						ProvisioningStyle = Automatic;
					};
				};
			};
			buildConfigurationList = FFC964FF1F467968002133B4 /* Build configuration list for PBXProject "Project Layout" */;
			compatibilityVersion = "Xcode 3.2";
			developmentRegion = English;
			hasScannedForEncodings = 0;
			knownRegions = (
				en,
				Base,
			);
			mainGroup = FFC964FB1F467968002133B4;
			productRefGroup = FFC965051F467968002133B4 /* Products */;
			projectDirPath = "";
			projectRoot = "";
			targets = (
				FFC965031F467968002133B4 /* Project Layout */,
			);
		};
/* End PBXProject section */

/* Begin PBXResourcesBuildPhase section */
		FFC965021F467968002133B4 /* Resources */ = {
			isa = PBXResourcesBuildPhase;
			buildActionMask = 2147483647;
			files = (
				FFC965121F467968002133B4 /* LaunchScreen.storyboard in Resources */,
				FFC9650F1F467968002133B4 /* Assets.xcassets in Resources */,
				FFC9650D1F467968002133B4 /* Main.storyboard in Resources */,
			);
			runOnlyForDeploymentPostprocessing = 0;
		};
/* End PBXResourcesBuildPhase section */

/* Begin PBXSourcesBuildPhase section */
		FFC965001F467968002133B4 /* Sources */ = {
			isa = PBXSourcesBuildPhase;
			buildActionMask = 2147483647;
			files = (
				FFC9650A1F467968002133B4 /* ViewController.swift in Sources */,
				FFC965081F467968002133B4 /* AppDelegate.swift in Sources */,
			);
			runOnlyForDeploymentPostprocessing = 0;
		};
/* End PBXSourcesBuildPhase section */

/* Begin PBXVariantGroup section */
		FFC9650B1F467968002133B4 /* Main.storyboard */ = {
			isa = PBXVariantGroup;
			children = (
				FFC9650C1F467968002133B4 /* Base */,
			);
			name = Main.storyboard;
			sourceTree = "<group>";
		};
		FFC965101F467968002133B4 /* LaunchScreen.storyboard */ = {
			isa = PBXVariantGroup;
			children = (
				FFC965111F467968002133B4 /* Base */,
			);
			name = LaunchScreen.storyboard;
			sourceTree = "<group>";
		};
/* End PBXVariantGroup section */

/* Begin XCBuildConfiguration section */
		FFC965141F467968002133B4 /* Debug */ = {
			isa = XCBuildConfiguration;
			buildSettings = {
				ALWAYS_SEARCH_USER_PATHS = NO;
				CLANG_ANALYZER_NONNULL = YES;
				CLANG_CXX_LANGUAGE_STANDARD = "gnu++0x";
				CLANG_CXX_LIBRARY = "libc++";
				CLANG_ENABLE_MODULES = YES;
				CLANG_ENABLE_OBJC_ARC = YES;
				CLANG_WARN_BOOL_CONVERSION = YES;
				CLANG_WARN_CONSTANT_CONVERSION = YES;
				CLANG_WARN_DIRECT_OBJC_ISA_USAGE = YES_ERROR;
				CLANG_WARN_DOCUMENTATION_COMMENTS = YES;
				CLANG_WARN_EMPTY_BODY = YES;
				CLANG_WARN_ENUM_CONVERSION = YES;
				CLANG_WARN_INFINITE_RECURSION = YES;
				CLANG_WARN_INT_CONVERSION = YES;
				CLANG_WARN_OBJC_ROOT_CLASS = YES_ERROR;
				CLANG_WARN_SUSPICIOUS_MOVES = YES;
				CLANG_WARN_UNREACHABLE_CODE = YES;
				CLANG_WARN__DUPLICATE_METHOD_MATCH = YES;
				"CODE_SIGN_IDENTITY[sdk=iphoneos*]" = "iPhone Developer";
				COPY_PHASE_STRIP = NO;
				DEBUG_INFORMATION_FORMAT = dwarf;
				ENABLE_STRICT_OBJC_MSGSEND = YES;
				ENABLE_TESTABILITY = YES;
				GCC_C_LANGUAGE_STANDARD = gnu99;
				GCC_DYNAMIC_NO_PIC = NO;
				GCC_NO_COMMON_BLOCKS = YES;
				GCC_OPTIMIZATION_LEVEL = 0;
				GCC_PREPROCESSOR_DEFINITIONS = (
					"DEBUG=1",
					"$(inherited)",
				);
				GCC_WARN_64_TO_32_BIT_CONVERSION = YES;
				GCC_WARN_ABOUT_RETURN_TYPE = YES_ERROR;
				GCC_WARN_UNDECLARED_SELECTOR = YES;
				GCC_WARN_UNINITIALIZED_AUTOS = YES_AGGRESSIVE;
				GCC_WARN_UNUSED_FUNCTION = YES;
				GCC_WARN_UNUSED_VARIABLE = YES;
				IPHONEOS_DEPLOYMENT_TARGET = 10.1;
				MTL_ENABLE_DEBUG_INFO = YES;
				ONLY_ACTIVE_ARCH = YES;
				SDKROOT = iphoneos;
				SWIFT_ACTIVE_COMPILATION_CONDITIONS = DEBUG;
				SWIFT_OPTIMIZATION_LEVEL = "-Onone";
				TARGETED_DEVICE_FAMILY = "1,2";
			};
			name = Debug;
		};
		FFC965151F467968002133B4 /* Release */ = {
			isa = XCBuildConfiguration;
			buildSettings = {
				ALWAYS_SEARCH_USER_PATHS = NO;
				CLANG_ANALYZER_NONNULL = YES;
				CLANG_CXX_LANGUAGE_STANDARD = "gnu++0x";
				CLANG_CXX_LIBRARY = "libc++";
				CLANG_ENABLE_MODULES = YES;
				CLANG_ENABLE_OBJC_ARC = YES;
				CLANG_WARN_BOOL_CONVERSION = YES;
				CLANG_WARN_CONSTANT_CONVERSION = YES;
				CLANG_WARN_DIRECT_OBJC_ISA_USAGE = YES_ERROR;
				CLANG_WARN_DOCUMENTATION_COMMENTS = YES;
				CLANG_WARN_EMPTY_BODY = YES;
				CLANG_WARN_ENUM_CONVERSION = YES;
				CLANG_WARN_INFINITE_RECURSION = YES;
				CLANG_WARN_INT_CONVERSION = YES;
				CLANG_WARN_OBJC_ROOT_CLASS = YES_ERROR;
				CLANG_WARN_SUSPICIOUS_MOVES = YES;
				CLANG_WARN_UNREACHABLE_CODE = YES;
				CLANG_WARN__DUPLICATE_METHOD_MATCH = YES;
				"CODE_SIGN_IDENTITY[sdk=iphoneos*]" = "iPhone Developer";
				COPY_PHASE_STRIP = NO;
				DEBUG_INFORMATION_FORMAT = "dwarf-with-dsym";
				ENABLE_NS_ASSERTIONS = NO;
				ENABLE_STRICT_OBJC_MSGSEND = YES;
				GCC_C_LANGUAGE_STANDARD = gnu99;
				GCC_NO_COMMON_BLOCKS = YES;
				GCC_WARN_64_TO_32_BIT_CONVERSION = YES;
				GCC_WARN_ABOUT_RETURN_TYPE = YES_ERROR;
				GCC_WARN_UNDECLARED_SELECTOR = YES;
				GCC_WARN_UNINITIALIZED_AUTOS = YES_AGGRESSIVE;
				GCC_WARN_UNUSED_FUNCTION = YES;
				GCC_WARN_UNUSED_VARIABLE = YES;
				IPHONEOS_DEPLOYMENT_TARGET = 10.1;
				MTL_ENABLE_DEBUG_INFO = NO;
				SDKROOT = iphoneos;
				SWIFT_OPTIMIZATION_LEVEL = "-Owholemodule";
				TARGETED_DEVICE_FAMILY = "1,2";
				VALIDATE_PRODUCT = YES;
			};
			name = Release;
		};
		FFC965171F467968002133B4 /* Debug */ = {
			isa = XCBuildConfiguration;
			buildSettings = {
				ASSETCATALOG_COMPILER_APPICON_NAME = AppIcon;
				DEVELOPMENT_TEAM = QREC25AEKA;
				INFOPLIST_FILE = "Project Layout/Info.plist";
				LD_RUNPATH_SEARCH_PATHS = "$(inherited) @executable_path/Frameworks";
				PRODUCT_BUNDLE_IDENTIFIER = "fahidjavid.Project-Layout";
				PRODUCT_NAME = "$(TARGET_NAME)";
				SWIFT_VERSION = 3.0;
			};
			name = Debug;
		};
		FFC965181F467968002133B4 /* Release */ = {
			isa = XCBuildConfiguration;
			buildSettings = {
				ASSETCATALOG_COMPILER_APPICON_NAME = AppIcon;
				DEVELOPMENT_TEAM = QREC25AEKA;
				INFOPLIST_FILE = "Project Layout/Info.plist";
				LD_RUNPATH_SEARCH_PATHS = "$(inherited) @executable_path/Frameworks";
				PRODUCT_BUNDLE_IDENTIFIER = "fahidjavid.Project-Layout";
				PRODUCT_NAME = "$(TARGET_NAME)";
				SWIFT_VERSION = 3.0;
			};
			name = Release;
		};
/* End XCBuildConfiguration section */

/* Begin XCConfigurationList section */
		FFC964FF1F467968002133B4 /* Build configuration list for PBXProject "Project Layout" */ = {
			isa = XCConfigurationList;
			buildConfigurations = (
				FFC965141F467968002133B4 /* Debug */,
				FFC965151F467968002133B4 /* Release */,
			);
			defaultConfigurationIsVisible = 0;
			defaultConfigurationName = Release;
		};
		FFC965161F467968002133B4 /* Build configuration list for PBXNativeTarget "Project Layout" */ = {
			isa = XCConfigurationList;
			buildConfigurations = (
				FFC965171F467968002133B4 /* Debug */,
				FFC965181F467968002133B4 /* Release */,
			);
			defaultConfigurationIsVisible = 0;
		};
/* End XCConfigurationList section */
	};
	rootObject = FFC964FC1F467968002133B4 /* Project object */;
}
